# This file is generated by running "yarn install" inside your project.
# Manual changes might be lost - proceed with caution!

__metadata:
  version: 6
  cacheKey: 8

"@types/node@npm:^16.7.13":
  version: 16.11.56
  resolution: "@types/node@npm:16.11.56"
  checksum: b4efade16eb08a39810921c54a1637e69c8f3184a20d87e8fe74d557d9bda73f0829ac318e2a30a32b1903e4b099812defd1dfe438be70b98dbfbea5b0d99a53
  languageName: node
  linkType: hard

"@types/prop-types@npm:*":
  version: 15.7.5
  resolution: "@types/prop-types@npm:15.7.5"
  checksum: 5b43b8b15415e1f298243165f1d44390403bb2bd42e662bca3b5b5633fdd39c938e91b7fce3a9483699db0f7a715d08cef220c121f723a634972fdf596aec980
  languageName: node
  linkType: hard

"@types/react-dom@npm:^18.0.0":
  version: 18.0.6
  resolution: "@types/react-dom@npm:18.0.6"
  dependencies:
    "@types/react": "*"
  checksum: db571047af1a567631758700b9f7d143e566df939cfe5fbf7535347cc0c726a1cdbb5e3f8566d076e54cf708b6c1166689de194a9ba09ee35efc9e1d45911685
  languageName: node
  linkType: hard

"@types/react@npm:*, @types/react@npm:^18.0.0":
  version: 18.0.18
  resolution: "@types/react@npm:18.0.18"
  dependencies:
    "@types/prop-types": "*"
    "@types/scheduler": "*"
    csstype: ^3.0.2
  checksum: 6d72d35ab3eecf382a5e0f225923f5a2c753045fce02e4e29713f36c99a24f0f770666a49dde96167f37c86271f93339d1b7e2b8969d011b137a9ebd24ee6806
  languageName: node
  linkType: hard

"@types/scheduler@npm:*":
  version: 0.16.2
  resolution: "@types/scheduler@npm:0.16.2"
  checksum: b6b4dcfeae6deba2e06a70941860fb1435730576d3689225a421280b7742318d1548b3d22c1f66ab68e414f346a9542f29240bc955b6332c5b11e561077583bc
  languageName: node
  linkType: hard

"csstype@npm:^3.0.2":
  version: 3.1.0
  resolution: "csstype@npm:3.1.0"
  checksum: 644e986cefab86525f0b674a06889cfdbb1f117e5b7d1ce0fc55b0423ecc58807a1ea42ecc75c4f18999d14fc42d1d255f84662a45003a52bb5840e977eb2ffd
  languageName: node
  linkType: hard

"js-tokens@npm:^3.0.0 || ^4.0.0":
  version: 4.0.0
  resolution: "js-tokens@npm:4.0.0"
  checksum: 8a95213a5a77deb6cbe94d86340e8d9ace2b93bc367790b260101d2f36a2eaf4e4e22d9fa9cf459b38af3a32fb4190e638024cf82ec95ef708680e405ea7cc78
  languageName: node
  linkType: hard

"loose-envify@npm:^1.1.0":
  version: 1.4.0
  resolution: "loose-envify@npm:1.4.0"
  dependencies:
    js-tokens: ^3.0.0 || ^4.0.0
  bin:
    loose-envify: cli.js
  checksum: 6517e24e0cad87ec9888f500c5b5947032cdfe6ef65e1c1936a0c48a524b81e65542c9c3edc91c97d5bddc806ee2a985dbc79be89215d613b1de5db6d1cfe6f4
  languageName: node
  linkType: hard

"react-dom@npm:^18.2.0":
  version: 18.2.0
  resolution: "react-dom@npm:18.2.0"
  dependencies:
    loose-envify: ^1.1.0
    scheduler: ^0.23.0
  peerDependencies:
    react: ^18.2.0
  checksum: 7d323310bea3a91be2965f9468d552f201b1c27891e45ddc2d6b8f717680c95a75ae0bc1e3f5cf41472446a2589a75aed4483aee8169287909fcd59ad149e8cc
  languageName: node
  linkType: hard

"react@npm:^18.2.0":
  version: 18.2.0
  resolution: "react@npm:18.2.0"
  dependencies:
    loose-envify: ^1.1.0
  checksum: 88e38092da8839b830cda6feef2e8505dec8ace60579e46aa5490fc3dc9bba0bd50336507dc166f43e3afc1c42939c09fe33b25fae889d6f402721dcd78fca1b
  languageName: node
  linkType: hard

"scheduler@npm:^0.23.0":
  version: 0.23.0
  resolution: "scheduler@npm:0.23.0"
  dependencies:
    loose-envify: ^1.1.0
  checksum: d79192eeaa12abef860c195ea45d37cbf2bbf5f66e3c4dcd16f54a7da53b17788a70d109ee3d3dde1a0fd50e6a8fc171f4300356c5aee4fc0171de526bf35f8a
  languageName: node
  linkType: hard

"typescript@npm:^4.4.2":
  version: 4.8.2
  resolution: "typescript@npm:4.8.2"
  bin:
    tsc: bin/tsc
    tsserver: bin/tsserver
  checksum: 7f5b81d0d558c9067f952c7af52ab7f19c2e70a916817929e4a5b256c93990bf3178eccb1ac8a850bc75df35f6781b6f4cb3370ce20d8b1ded92ed462348f628
  languageName: node
  linkType: hard

"typescript@patch:typescript@^4.4.2#~builtin<compat/typescript>":
  version: 4.8.2
  resolution: "typescript@patch:typescript@npm%3A4.8.2#~builtin<compat/typescript>::version=4.8.2&hash=a1c5e5"
  bin:
    tsc: bin/tsc
    tsserver: bin/tsserver
  checksum: 5cb0f02f414f5405f4b0e7ee1fd7fa9177b6a8783c9017b6cad85f56ce4c4f93e0e6f2ce37e863cb597d44227cd009474c9fbd85bf7a50004e5557426cb58079
  languageName: node
  linkType: hard

"vite-migrate@workspace:.":
  version: 0.0.0-use.local
  resolution: "vite-migrate@workspace:."
  dependencies:
    "@types/node": ^16.7.13
    "@types/react": ^18.0.0
    "@types/react-dom": ^18.0.0
    react: ^18.2.0
    react-dom: ^18.2.0
    typescript: ^4.4.2
    web-vitals: ^2.1.0
  languageName: unknown
  linkType: soft

"web-vitals@npm:^2.1.0":
  version: 2.1.4
  resolution: "web-vitals@npm:2.1.4"
  checksum: 03d3f47dbf55c3dce07beb0ff5de8ddd52e2d0a53a8df5c84e7a16dda93543341d67231fa79b1d9772b091419af4ec0fd395b8bcf451a0e26846e3f76b3d0efc
  languageName: node
  linkType: hard
